// !$*UTF8*$!
{
	archiveVersion = 1;
	classes = {
	};
	objectVersion = 56;
	objects = {

/* Begin PBXBuildFile section */
		35177660298FE2BD00E2A0B7 /* BookwormApp.swift in Sources */ = {isa = PBXBuildFile; fileRef = 3517765F298FE2BD00E2A0B7 /* BookwormApp.swift */; };
		35177662298FE2BD00E2A0B7 /* ContentView.swift in Sources */ = {isa = PBXBuildFile; fileRef = 35177661298FE2BD00E2A0B7 /* ContentView.swift */; };
		35177664298FE2BE00E2A0B7 /* Assets.xcassets in Resources */ = {isa = PBXBuildFile; fileRef = 35177663298FE2BE00E2A0B7 /* Assets.xcassets */; };
		35177667298FE2BE00E2A0B7 /* Preview Assets.xcassets in Resources */ = {isa = PBXBuildFile; fileRef = 35177666298FE2BE00E2A0B7 /* Preview Assets.xcassets */; };
		3517766F298FE2F000E2A0B7 /* Bookworm.xcdatamodeld in Sources */ = {isa = PBXBuildFile; fileRef = 3517766D298FE2F000E2A0B7 /* Bookworm.xcdatamodeld */; };
		35177671298FE72F00E2A0B7 /* DataController.swift in Sources */ = {isa = PBXBuildFile; fileRef = 35177670298FE72F00E2A0B7 /* DataController.swift */; };
		35177676298FE96300E2A0B7 /* AddBookView.swift in Sources */ = {isa = PBXBuildFile; fileRef = 35177675298FE96300E2A0B7 /* AddBookView.swift */; };
		35177678298FF88E00E2A0B7 /* RatingView.swift in Sources */ = {isa = PBXBuildFile; fileRef = 35177677298FF88E00E2A0B7 /* RatingView.swift */; };
		3517767C298FFC8C00E2A0B7 /* EmojiRatingView.swift in Sources */ = {isa = PBXBuildFile; fileRef = 3517767B298FFC8C00E2A0B7 /* EmojiRatingView.swift */; };
		3517767F2990055B00E2A0B7 /* DetailView.swift in Sources */ = {isa = PBXBuildFile; fileRef = 3517767E2990055B00E2A0B7 /* DetailView.swift */; };
/* End PBXBuildFile section */

/* Begin PBXFileReference section */
		3517765C298FE2BD00E2A0B7 /* Bookworm.app */ = {isa = PBXFileReference; explicitFileType = wrapper.application; includeInIndex = 0; path = Bookworm.app; sourceTree = BUILT_PRODUCTS_DIR; };
		3517765F298FE2BD00E2A0B7 /* BookwormApp.swift */ = {isa = PBXFileReference; lastKnownFileType = sourcecode.swift; path = BookwormApp.swift; sourceTree = "<group>"; };
		35177661298FE2BD00E2A0B7 /* ContentView.swift */ = {isa = PBXFileReference; lastKnownFileType = sourcecode.swift; path = ContentView.swift; sourceTree = "<group>"; };
		35177663298FE2BE00E2A0B7 /* Assets.xcassets */ = {isa = PBXFileReference; lastKnownFileType = folder.assetcatalog; path = Assets.xcassets; sourceTree = "<group>"; };
		35177666298FE2BE00E2A0B7 /* Preview Assets.xcassets */ = {isa = PBXFileReference; lastKnownFileType = folder.assetcatalog; path = "Preview Assets.xcassets"; sourceTree = "<group>"; };
		3517766E298FE2F000E2A0B7 /* Bookworm.xcdatamodel */ = {isa = PBXFileReference; lastKnownFileType = wrapper.xcdatamodel; path = Bookworm.xcdatamodel; sourceTree = "<group>"; };
		35177670298FE72F00E2A0B7 /* DataController.swift */ = {isa = PBXFileReference; lastKnownFileType = sourcecode.swift; path = DataController.swift; sourceTree = "<group>"; };
		35177675298FE96300E2A0B7 /* AddBookView.swift */ = {isa = PBXFileReference; lastKnownFileType = sourcecode.swift; path = AddBookView.swift; sourceTree = "<group>"; };
		35177677298FF88E00E2A0B7 /* RatingView.swift */ = {isa = PBXFileReference; lastKnownFileType = sourcecode.swift; path = RatingView.swift; sourceTree = "<group>"; };
		3517767B298FFC8C00E2A0B7 /* EmojiRatingView.swift */ = {isa = PBXFileReference; lastKnownFileType = sourcecode.swift; path = EmojiRatingView.swift; sourceTree = "<group>"; };
		3517767E2990055B00E2A0B7 /* DetailView.swift */ = {isa = PBXFileReference; lastKnownFileType = sourcecode.swift; path = DetailView.swift; sourceTree = "<group>"; };
/* End PBXFileReference section */

/* Begin PBXFrameworksBuildPhase section */
		35177659298FE2BD00E2A0B7 /* Frameworks */ = {
			isa = PBXFrameworksBuildPhase;
			buildActionMask = 2147483647;
			files = (
			);
			runOnlyForDeploymentPostprocessing = 0;
		};
/* End PBXFrameworksBuildPhase section */

/* Begin PBXGroup section */
		35177653298FE2BD00E2A0B7 = {
			isa = PBXGroup;
			children = (
				3517765E298FE2BD00E2A0B7 /* Bookworm */,
				3517765D298FE2BD00E2A0B7 /* Products */,
			);
			sourceTree = "<group>";
		};
		3517765D298FE2BD00E2A0B7 /* Products */ = {
			isa = PBXGroup;
			children = (
				3517765C298FE2BD00E2A0B7 /* Bookworm.app */,
			);
			name = Products;
			sourceTree = "<group>";
		};
		3517765E298FE2BD00E2A0B7 /* Bookworm */ = {
			isa = PBXGroup;
			children = (
				3517767D2990053200E2A0B7 /* Components */,
				35177673298FE78000E2A0B7 /* Views */,
				35177672298FE76E00E2A0B7 /* Controllers */,
				35177674298FE78700E2A0B7 /* App */,
				35177663298FE2BE00E2A0B7 /* Assets.xcassets */,
				35177665298FE2BE00E2A0B7 /* Preview Content */,
				3517766D298FE2F000E2A0B7 /* Bookworm.xcdatamodeld */,
			);
			path = Bookworm;
			sourceTree = "<group>";
		};
		35177665298FE2BE00E2A0B7 /* Preview Content */ = {
			isa = PBXGroup;
			children = (
				35177666298FE2BE00E2A0B7 /* Preview Assets.xcassets */,
			);
			path = "Preview Content";
			sourceTree = "<group>";
		};
		35177672298FE76E00E2A0B7 /* Controllers */ = {
			isa = PBXGroup;
			children = (
				35177670298FE72F00E2A0B7 /* DataController.swift */,
			);
			path = Controllers;
			sourceTree = "<group>";
		};
		35177673298FE78000E2A0B7 /* Views */ = {
			isa = PBXGroup;
			children = (
				35177661298FE2BD00E2A0B7 /* ContentView.swift */,
				35177675298FE96300E2A0B7 /* AddBookView.swift */,
				3517767E2990055B00E2A0B7 /* DetailView.swift */,
			);
			path = Views;
			sourceTree = "<group>";
		};
		35177674298FE78700E2A0B7 /* App */ = {
			isa = PBXGroup;
			children = (
				3517765F298FE2BD00E2A0B7 /* BookwormApp.swift */,
			);
			path = App;
			sourceTree = "<group>";
		};
		3517767D2990053200E2A0B7 /* Components */ = {
			isa = PBXGroup;
			children = (
				3517767B298FFC8C00E2A0B7 /* EmojiRatingView.swift */,
				35177677298FF88E00E2A0B7 /* RatingView.swift */,
			);
			path = Components;
			sourceTree = "<group>";
		};
/* End PBXGroup section */

/* Begin PBXNativeTarget section */
		3517765B298FE2BD00E2A0B7 /* Bookworm */ = {
			isa = PBXNativeTarget;
			buildConfigurationList = 3517766A298FE2BE00E2A0B7 /* Build configuration list for PBXNativeTarget "Bookworm" */;
			buildPhases = (
				35177658298FE2BD00E2A0B7 /* Sources */,
				35177659298FE2BD00E2A0B7 /* Frameworks */,
				3517765A298FE2BD00E2A0B7 /* Resources */,
			);
			buildRules = (
			);
			dependencies = (
			);
			name = Bookworm;
			productName = Bookworm;
			productReference = 3517765C298FE2BD00E2A0B7 /* Bookworm.app */;
			productType = "com.apple.product-type.application";
		};
/* End PBXNativeTarget section */

/* Begin PBXProject section */
		35177654298FE2BD00E2A0B7 /* Project object */ = {
			isa = PBXProject;
			attributes = {
				BuildIndependentTargetsInParallel = 1;
				LastSwiftUpdateCheck = 1420;
				LastUpgradeCheck = 1420;
				TargetAttributes = {
					3517765B298FE2BD00E2A0B7 = {
						CreatedOnToolsVersion = 14.2;
					};
				};
			};
			buildConfigurationList = 35177657298FE2BD00E2A0B7 /* Build configuration list for PBXProject "Bookworm" */;
			compatibilityVersion = "Xcode 14.0";
			developmentRegion = en;
			hasScannedForEncodings = 0;
			knownRegions = (
				en,
				Base,
			);
			mainGroup = 35177653298FE2BD00E2A0B7;
			productRefGroup = 3517765D298FE2BD00E2A0B7 /* Products */;
			projectDirPath = "";
			projectRoot = "";
			targets = (
				3517765B298FE2BD00E2A0B7 /* Bookworm */,
			);
		};
/* End PBXProject section */

/* Begin PBXResourcesBuildPhase section */
		3517765A298FE2BD00E2A0B7 /* Resources */ = {
			isa = PBXResourcesBuildPhase;
			buildActionMask = 2147483647;
			files = (
				35177667298FE2BE00E2A0B7 /* Preview Assets.xcassets in Resources */,
				35177664298FE2BE00E2A0B7 /* Assets.xcassets in Resources */,
			);
			runOnlyForDeploymentPostprocessing = 0;
		};
/* End PBXResourcesBuildPhase section */

/* Begin PBXSourcesBuildPhase section */
		35177658298FE2BD00E2A0B7 /* Sources */ = {
			isa = PBXSourcesBuildPhase;
			buildActionMask = 2147483647;
			files = (
				35177662298FE2BD00E2A0B7 /* ContentView.swift in Sources */,
				3517767F2990055B00E2A0B7 /* DetailView.swift in Sources */,
				35177671298FE72F00E2A0B7 /* DataController.swift in Sources */,
				3517767C298FFC8C00E2A0B7 /* EmojiRatingView.swift in Sources */,
				3517766F298FE2F000E2A0B7 /* Bookworm.xcdatamodeld in Sources */,
				35177678298FF88E00E2A0B7 /* RatingView.swift in Sources */,
				35177660298FE2BD00E2A0B7 /* BookwormApp.swift in Sources */,
				35177676298FE96300E2A0B7 /* AddBookView.swift in Sources */,
			);
			runOnlyForDeploymentPostprocessing = 0;
		};
/* End PBXSourcesBuildPhase section */

/* Begin XCBuildConfiguration section */
		35177668298FE2BE00E2A0B7 /* Debug */ = {
			isa = XCBuildConfiguration;
			buildSettings = {
				ALWAYS_SEARCH_USER_PATHS = NO;
				CLANG_ANALYZER_NONNULL = YES;
				CLANG_ANALYZER_NUMBER_OBJECT_CONVERSION = YES_AGGRESSIVE;
				CLANG_CXX_LANGUAGE_STANDARD = "gnu++20";
				CLANG_ENABLE_MODULES = YES;
				CLANG_ENABLE_OBJC_ARC = YES;
				CLANG_ENABLE_OBJC_WEAK = YES;
				CLANG_WARN_BLOCK_CAPTURE_AUTORELEASING = YES;
				CLANG_WARN_BOOL_CONVERSION = YES;
				CLANG_WARN_COMMA = YES;
				CLANG_WARN_CONSTANT_CONVERSION = YES;
				CLANG_WARN_DEPRECATED_OBJC_IMPLEMENTATIONS = YES;
				CLANG_WARN_DIRECT_OBJC_ISA_USAGE = YES_ERROR;
				CLANG_WARN_DOCUMENTATION_COMMENTS = YES;
				CLANG_WARN_EMPTY_BODY = YES;
				CLANG_WARN_ENUM_CONVERSION = YES;
				CLANG_WARN_INFINITE_RECURSION = YES;
				CLANG_WARN_INT_CONVERSION = YES;
				CLANG_WARN_NON_LITERAL_NULL_CONVERSION = YES;
				CLANG_WARN_OBJC_IMPLICIT_RETAIN_SELF = YES;
				CLANG_WARN_OBJC_LITERAL_CONVERSION = YES;
				CLANG_WARN_OBJC_ROOT_CLASS = YES_ERROR;
				CLANG_WARN_QUOTED_INCLUDE_IN_FRAMEWORK_HEADER = YES;
				CLANG_WARN_RANGE_LOOP_ANALYSIS = YES;
				CLANG_WARN_STRICT_PROTOTYPES = YES;
				CLANG_WARN_SUSPICIOUS_MOVE = YES;
				CLANG_WARN_UNGUARDED_AVAILABILITY = YES_AGGRESSIVE;
				CLANG_WARN_UNREACHABLE_CODE = YES;
				CLANG_WARN__DUPLICATE_METHOD_MATCH = YES;
				COPY_PHASE_STRIP = NO;
				DEBUG_INFORMATION_FORMAT = dwarf;
				ENABLE_STRICT_OBJC_MSGSEND = YES;
				ENABLE_TESTABILITY = YES;
				GCC_C_LANGUAGE_STANDARD = gnu11;
				GCC_DYNAMIC_NO_PIC = NO;
				GCC_NO_COMMON_BLOCKS = YES;
				GCC_OPTIMIZATION_LEVEL = 0;
				GCC_PREPROCESSOR_DEFINITIONS = (
					"DEBUG=1",
					"$(inherited)",
				);
				GCC_WARN_64_TO_32_BIT_CONVERSION = YES;
				GCC_WARN_ABOUT_RETURN_TYPE = YES_ERROR;
				GCC_WARN_UNDECLARED_SELECTOR = YES;
				GCC_WARN_UNINITIALIZED_AUTOS = YES_AGGRESSIVE;
				GCC_WARN_UNUSED_FUNCTION = YES;
				GCC_WARN_UNUSED_VARIABLE = YES;
				IPHONEOS_DEPLOYMENT_TARGET = 16.2;
				MTL_ENABLE_DEBUG_INFO = INCLUDE_SOURCE;
				MTL_FAST_MATH = YES;
				ONLY_ACTIVE_ARCH = YES;
				SDKROOT = iphoneos;
				SWIFT_ACTIVE_COMPILATION_CONDITIONS = DEBUG;
				SWIFT_OPTIMIZATION_LEVEL = "-Onone";
			};
			name = Debug;
		};
		35177669298FE2BE00E2A0B7 /* Release */ = {
			isa = XCBuildConfiguration;
			buildSettings = {
				ALWAYS_SEARCH_USER_PATHS = NO;
				CLANG_ANALYZER_NONNULL = YES;
				CLANG_ANALYZER_NUMBER_OBJECT_CONVERSION = YES_AGGRESSIVE;
				CLANG_CXX_LANGUAGE_STANDARD = "gnu++20";
				CLANG_ENABLE_MODULES = YES;
				CLANG_ENABLE_OBJC_ARC = YES;
				CLANG_ENABLE_OBJC_WEAK = YES;
				CLANG_WARN_BLOCK_CAPTURE_AUTORELEASING = YES;
				CLANG_WARN_BOOL_CONVERSION = YES;
				CLANG_WARN_COMMA = YES;
				CLANG_WARN_CONSTANT_CONVERSION = YES;
				CLANG_WARN_DEPRECATED_OBJC_IMPLEMENTATIONS = YES;
				CLANG_WARN_DIRECT_OBJC_ISA_USAGE = YES_ERROR;
				CLANG_WARN_DOCUMENTATION_COMMENTS = YES;
				CLANG_WARN_EMPTY_BODY = YES;
				CLANG_WARN_ENUM_CONVERSION = YES;
				CLANG_WARN_INFINITE_RECURSION = YES;
				CLANG_WARN_INT_CONVERSION = YES;
				CLANG_WARN_NON_LITERAL_NULL_CONVERSION = YES;
				CLANG_WARN_OBJC_IMPLICIT_RETAIN_SELF = YES;
				CLANG_WARN_OBJC_LITERAL_CONVERSION = YES;
				CLANG_WARN_OBJC_ROOT_CLASS = YES_ERROR;
				CLANG_WARN_QUOTED_INCLUDE_IN_FRAMEWORK_HEADER = YES;
				CLANG_WARN_RANGE_LOOP_ANALYSIS = YES;
				CLANG_WARN_STRICT_PROTOTYPES = YES;
				CLANG_WARN_SUSPICIOUS_MOVE = YES;
				CLANG_WARN_UNGUARDED_AVAILABILITY = YES_AGGRESSIVE;
				CLANG_WARN_UNREACHABLE_CODE = YES;
				CLANG_WARN__DUPLICATE_METHOD_MATCH = YES;
				COPY_PHASE_STRIP = NO;
				DEBUG_INFORMATION_FORMAT = "dwarf-with-dsym";
				ENABLE_NS_ASSERTIONS = NO;
				ENABLE_STRICT_OBJC_MSGSEND = YES;
				GCC_C_LANGUAGE_STANDARD = gnu11;
				GCC_NO_COMMON_BLOCKS = YES;
				GCC_WARN_64_TO_32_BIT_CONVERSION = YES;
				GCC_WARN_ABOUT_RETURN_TYPE = YES_ERROR;
				GCC_WARN_UNDECLARED_SELECTOR = YES;
				GCC_WARN_UNINITIALIZED_AUTOS = YES_AGGRESSIVE;
				GCC_WARN_UNUSED_FUNCTION = YES;
				GCC_WARN_UNUSED_VARIABLE = YES;
				IPHONEOS_DEPLOYMENT_TARGET = 16.2;
				MTL_ENABLE_DEBUG_INFO = NO;
				MTL_FAST_MATH = YES;
				SDKROOT = iphoneos;
				SWIFT_COMPILATION_MODE = wholemodule;
				SWIFT_OPTIMIZATION_LEVEL = "-O";
				VALIDATE_PRODUCT = YES;
			};
			name = Release;
		};
		3517766B298FE2BE00E2A0B7 /* Debug */ = {
			isa = XCBuildConfiguration;
			buildSettings = {
				ASSETCATALOG_COMPILER_APPICON_NAME = AppIcon;
				ASSETCATALOG_COMPILER_GLOBAL_ACCENT_COLOR_NAME = AccentColor;
				CODE_SIGN_STYLE = Automatic;
				CURRENT_PROJECT_VERSION = 1;
				DEVELOPMENT_ASSET_PATHS = "\"Bookworm/Preview Content\"";
				DEVELOPMENT_TEAM = 734G6V9GXJ;
				ENABLE_PREVIEWS = YES;
				GENERATE_INFOPLIST_FILE = YES;
				INFOPLIST_KEY_UIApplicationSceneManifest_Generation = YES;
				INFOPLIST_KEY_UIApplicationSupportsIndirectInputEvents = YES;
				INFOPLIST_KEY_UILaunchScreen_Generation = YES;
				INFOPLIST_KEY_UISupportedInterfaceOrientations_iPad = "UIInterfaceOrientationPortrait UIInterfaceOrientationPortraitUpsideDown UIInterfaceOrientationLandscapeLeft UIInterfaceOrientationLandscapeRight";
				INFOPLIST_KEY_UISupportedInterfaceOrientations_iPhone = "UIInterfaceOrientationPortrait UIInterfaceOrientationLandscapeLeft UIInterfaceOrientationLandscapeRight";
				LD_RUNPATH_SEARCH_PATHS = (
					"$(inherited)",
					"@executable_path/Frameworks",
				);
				MARKETING_VERSION = 1.0;
				PRODUCT_BUNDLE_IDENTIFIER = com.rumenguin.Bookworm;
				PRODUCT_NAME = "$(TARGET_NAME)";
				SWIFT_EMIT_LOC_STRINGS = YES;
				SWIFT_VERSION = 5.0;
				TARGETED_DEVICE_FAMILY = "1,2";
			};
			name = Debug;
		};
		3517766C298FE2BE00E2A0B7 /* Release */ = {
			isa = XCBuildConfiguration;
			buildSettings = {
				ASSETCATALOG_COMPILER_APPICON_NAME = AppIcon;
				ASSETCATALOG_COMPILER_GLOBAL_ACCENT_COLOR_NAME = AccentColor;
				CODE_SIGN_STYLE = Automatic;
				CURRENT_PROJECT_VERSION = 1;
				DEVELOPMENT_ASSET_PATHS = "\"Bookworm/Preview Content\"";
				DEVELOPMENT_TEAM = 734G6V9GXJ;
				ENABLE_PREVIEWS = YES;
				GENERATE_INFOPLIST_FILE = YES;
				INFOPLIST_KEY_UIApplicationSceneManifest_Generation = YES;
				INFOPLIST_KEY_UIApplicationSupportsIndirectInputEvents = YES;
				INFOPLIST_KEY_UILaunchScreen_Generation = YES;
				INFOPLIST_KEY_UISupportedInterfaceOrientations_iPad = "UIInterfaceOrientationPortrait UIInterfaceOrientationPortraitUpsideDown UIInterfaceOrientationLandscapeLeft UIInterfaceOrientationLandscapeRight";
				INFOPLIST_KEY_UISupportedInterfaceOrientations_iPhone = "UIInterfaceOrientationPortrait UIInterfaceOrientationLandscapeLeft UIInterfaceOrientationLandscapeRight";
				LD_RUNPATH_SEARCH_PATHS = (
					"$(inherited)",
					"@executable_path/Frameworks",
				);
				MARKETING_VERSION = 1.0;
				PRODUCT_BUNDLE_IDENTIFIER = com.rumenguin.Bookworm;
				PRODUCT_NAME = "$(TARGET_NAME)";
				SWIFT_EMIT_LOC_STRINGS = YES;
				SWIFT_VERSION = 5.0;
				TARGETED_DEVICE_FAMILY = "1,2";
			};
			name = Release;
		};
/* End XCBuildConfiguration section */

/* Begin XCConfigurationList section */
		35177657298FE2BD00E2A0B7 /* Build configuration list for PBXProject "Bookworm" */ = {
			isa = XCConfigurationList;
			buildConfigurations = (
				35177668298FE2BE00E2A0B7 /* Debug */,
				35177669298FE2BE00E2A0B7 /* Release */,
			);
			defaultConfigurationIsVisible = 0;
			defaultConfigurationName = Release;
		};
		3517766A298FE2BE00E2A0B7 /* Build configuration list for PBXNativeTarget "Bookworm" */ = {
			isa = XCConfigurationList;
			buildConfigurations = (
				3517766B298FE2BE00E2A0B7 /* Debug */,
				3517766C298FE2BE00E2A0B7 /* Release */,
			);
			defaultConfigurationIsVisible = 0;
			defaultConfigurationName = Release;
		};
/* End XCConfigurationList section */

/* Begin XCVersionGroup section */
		3517766D298FE2F000E2A0B7 /* Bookworm.xcdatamodeld */ = {
			isa = XCVersionGroup;
			children = (
				3517766E298FE2F000E2A0B7 /* Bookworm.xcdatamodel */,
			);
			currentVersion = 3517766E298FE2F000E2A0B7 /* Bookworm.xcdatamodel */;
			path = Bookworm.xcdatamodeld;
			sourceTree = "<group>";
			versionGroupType = wrapper.xcdatamodel;
		};
/* End XCVersionGroup section */
	};
	rootObject = 35177654298FE2BD00E2A0B7 /* Project object */;
}
